
Microsoft Visual Studio Solution File, Format Version 11.00
# Visual Studio 2010
Project("{FAE04EC0-301F-11D3-BF4B-00C04F79EFBC}") = "CSI.Git.Web", "CSI.Git.Web\CSI.Git.Web.csproj", "{7B388C03-C5F6-48EC-8AC7-FDF619F4EEE8}"
EndProject
Global
	GlobalSection(SolutionConfigurationPlatforms) = preSolution
		Debug|Any CPU = Debug|Any CPU
		Release|Any CPU = Release|Any CPU
	EndGlobalSection
	GlobalSection(ProjectConfigurationPlatforms) = postSolution
		{7B388C03-C5F6-48EC-8AC7-FDF619F4EEE8}.Debug|Any CPU.ActiveCfg = Debug|Any CPU
		{7B388C03-C5F6-48EC-8AC7-FDF619F4EEE8}.Debug|Any CPU.Build.0 = Debug|Any CPU
		{7B388C03-C5F6-48EC-8AC7-FDF619F4EEE8}.Release|Any CPU.ActiveCfg = Release|Any CPU
		{7B388C03-C5F6-48EC-8AC7-FDF619F4EEE8}.Release|Any CPU.Build.0 = Release|Any CPU
	EndGlobalSection
	GlobalSection(SolutionProperties) = preSolution
		HideSolutionNode = FALSE
	EndGlobalSection
EndGlobal
